
Microsoft Visual Studio Solution File, Format Version 12.00
# Visual Studio 14
VisualStudioVersion = 14.0.25123.0
MinimumVisualStudioVersion = 10.0.40219.1
Project("{FAE04EC0-301F-11D3-BF4B-00C04F79EFBC}") = "HelloWorld", "HelloWorld\HelloWorld.csproj", "{7855EAD2-5000-4990-9B95-9C5EEC0814E0}"
EndProject
Project("{FAE04EC0-301F-11D3-BF4B-00C04F79EFBC}") = "PrintMyName", "PrintMyName\PrintMyName.csproj", "{25C3FE8B-87FA-4B07-9037-9D44AD01D122}"
EndProject
Project("{FAE04EC0-301F-11D3-BF4B-00C04F79EFBC}") = "PrintNumbers", "PrintNumbers\PrintNumbers.csproj", "{A854213A-338D-49D4-9CC0-07B6A97B5747}"
EndProject
Project("{FAE04EC0-301F-11D3-BF4B-00C04F79EFBC}") = "FirstAndLastName", "FirstAndLastName\FirstAndLastName.csproj", "{315813F4-5E1F-4A12-916F-EB29C7A9D6EA}"
EndProject
Project("{FAE04EC0-301F-11D3-BF4B-00C04F79EFBC}") = "SquareRoot", "SquareRoot\SquareRoot.csproj", "{4E699D9C-B4FD-4388-8C25-CCEA14C8BC92}"
EndProject
Project("{FAE04EC0-301F-11D3-BF4B-00C04F79EFBC}") = "Print Sequence", "Print Sequence\Print Sequence.csproj", "{4A4A6C9B-D968-4680-AC53-01ED91BE6C4F}"
EndProject
Project("{FAE04EC0-301F-11D3-BF4B-00C04F79EFBC}") = "FormatCode", "FormatCode\FormatCode.csproj", "{8DAA6EA5-EA41-49C7-98C7-7264B73F327B}"
EndProject
Project("{FAE04EC0-301F-11D3-BF4B-00C04F79EFBC}") = "CurrentDateAndTime", "CurrentDateAndTime\CurrentDateAndTime.csproj", "{2E25877E-5D2E-4F0C-A52F-E5A9CF37D2A3}"
EndProject
Project("{FAE04EC0-301F-11D3-BF4B-00C04F79EFBC}") = "Age", "Age\Age.csproj", "{3151818A-9CED-4E0E-9782-5278C7BE8907}"
EndProject
Project("{FAE04EC0-301F-11D3-BF4B-00C04F79EFBC}") = "PrintLongSequence", "PrintLongSequence\PrintLongSequence.csproj", "{AE7A9CA7-E328-4AB0-B054-EA3DE028623F}"
EndProject
Global
	GlobalSection(SolutionConfigurationPlatforms) = preSolution
		Debug|Any CPU = Debug|Any CPU
		Release|Any CPU = Release|Any CPU
	EndGlobalSection
	GlobalSection(ProjectConfigurationPlatforms) = postSolution
		{7855EAD2-5000-4990-9B95-9C5EEC0814E0}.Debug|Any CPU.ActiveCfg = Debug|Any CPU
		{7855EAD2-5000-4990-9B95-9C5EEC0814E0}.Debug|Any CPU.Build.0 = Debug|Any CPU
		{7855EAD2-5000-4990-9B95-9C5EEC0814E0}.Release|Any CPU.ActiveCfg = Release|Any CPU
		{7855EAD2-5000-4990-9B95-9C5EEC0814E0}.Release|Any CPU.Build.0 = Release|Any CPU
		{25C3FE8B-87FA-4B07-9037-9D44AD01D122}.Debug|Any CPU.ActiveCfg = Debug|Any CPU
		{25C3FE8B-87FA-4B07-9037-9D44AD01D122}.Debug|Any CPU.Build.0 = Debug|Any CPU
		{25C3FE8B-87FA-4B07-9037-9D44AD01D122}.Release|Any CPU.ActiveCfg = Release|Any CPU
		{25C3FE8B-87FA-4B07-9037-9D44AD01D122}.Release|Any CPU.Build.0 = Release|Any CPU
		{A854213A-338D-49D4-9CC0-07B6A97B5747}.Debug|Any CPU.ActiveCfg = Debug|Any CPU
		{A854213A-338D-49D4-9CC0-07B6A97B5747}.Debug|Any CPU.Build.0 = Debug|Any CPU
		{A854213A-338D-49D4-9CC0-07B6A97B5747}.Release|Any CPU.ActiveCfg = Release|Any CPU
		{A854213A-338D-49D4-9CC0-07B6A97B5747}.Release|Any CPU.Build.0 = Release|Any CPU
		{315813F4-5E1F-4A12-916F-EB29C7A9D6EA}.Debug|Any CPU.ActiveCfg = Debug|Any CPU
		{315813F4-5E1F-4A12-916F-EB29C7A9D6EA}.Debug|Any CPU.Build.0 = Debug|Any CPU
		{315813F4-5E1F-4A12-916F-EB29C7A9D6EA}.Release|Any CPU.ActiveCfg = Release|Any CPU
		{315813F4-5E1F-4A12-916F-EB29C7A9D6EA}.Release|Any CPU.Build.0 = Release|Any CPU
		{4E699D9C-B4FD-4388-8C25-CCEA14C8BC92}.Debug|Any CPU.ActiveCfg = Debug|Any CPU
		{4E699D9C-B4FD-4388-8C25-CCEA14C8BC92}.Debug|Any CPU.Build.0 = Debug|Any CPU
		{4E699D9C-B4FD-4388-8C25-CCEA14C8BC92}.Release|Any CPU.ActiveCfg = Release|Any CPU
		{4E699D9C-B4FD-4388-8C25-CCEA14C8BC92}.Release|Any CPU.Build.0 = Release|Any CPU
		{4A4A6C9B-D968-4680-AC53-01ED91BE6C4F}.Debug|Any CPU.ActiveCfg = Debug|Any CPU
		{4A4A6C9B-D968-4680-AC53-01ED91BE6C4F}.Debug|Any CPU.Build.0 = Debug|Any CPU
		{4A4A6C9B-D968-4680-AC53-01ED91BE6C4F}.Release|Any CPU.ActiveCfg = Release|Any CPU
		{4A4A6C9B-D968-4680-AC53-01ED91BE6C4F}.Release|Any CPU.Build.0 = Release|Any CPU
		{8DAA6EA5-EA41-49C7-98C7-7264B73F327B}.Debug|Any CPU.ActiveCfg = Debug|Any CPU
		{8DAA6EA5-EA41-49C7-98C7-7264B73F327B}.Debug|Any CPU.Build.0 = Debug|Any CPU
		{8DAA6EA5-EA41-49C7-98C7-7264B73F327B}.Release|Any CPU.ActiveCfg = Release|Any CPU
		{8DAA6EA5-EA41-49C7-98C7-7264B73F327B}.Release|Any CPU.Build.0 = Release|Any CPU
		{2E25877E-5D2E-4F0C-A52F-E5A9CF37D2A3}.Debug|Any CPU.ActiveCfg = Debug|Any CPU
		{2E25877E-5D2E-4F0C-A52F-E5A9CF37D2A3}.Debug|Any CPU.Build.0 = Debug|Any CPU
		{2E25877E-5D2E-4F0C-A52F-E5A9CF37D2A3}.Release|Any CPU.ActiveCfg = Release|Any CPU
		{2E25877E-5D2E-4F0C-A52F-E5A9CF37D2A3}.Release|Any CPU.Build.0 = Release|Any CPU
		{3151818A-9CED-4E0E-9782-5278C7BE8907}.Debug|Any CPU.ActiveCfg = Debug|Any CPU
		{3151818A-9CED-4E0E-9782-5278C7BE8907}.Debug|Any CPU.Build.0 = Debug|Any CPU
		{3151818A-9CED-4E0E-9782-5278C7BE8907}.Release|Any CPU.ActiveCfg = Release|Any CPU
		{3151818A-9CED-4E0E-9782-5278C7BE8907}.Release|Any CPU.Build.0 = Release|Any CPU
		{AE7A9CA7-E328-4AB0-B054-EA3DE028623F}.Debug|Any CPU.ActiveCfg = Debug|Any CPU
		{AE7A9CA7-E328-4AB0-B054-EA3DE028623F}.Debug|Any CPU.Build.0 = Debug|Any CPU
		{AE7A9CA7-E328-4AB0-B054-EA3DE028623F}.Release|Any CPU.ActiveCfg = Release|Any CPU
		{AE7A9CA7-E328-4AB0-B054-EA3DE028623F}.Release|Any CPU.Build.0 = Release|Any CPU
	EndGlobalSection
	GlobalSection(SolutionProperties) = preSolution
		HideSolutionNode = FALSE
	EndGlobalSection
EndGlobal
